
Microsoft Visual Studio Solution File, Format Version 12.00
# Visual Studio Version 16
VisualStudioVersion = 16.0.31702.278
MinimumVisualStudioVersion = 10.0.40219.1
Project("{FAE04EC0-301F-11D3-BF4B-00C04F79EFBC}") = "QuanLyCLB", "QuanLyCLB\QuanLyCLB.csproj", "{1F79CF86-CCA2-409C-8D26-5F270EFCB8E7}"
EndProject
Global
	GlobalSection(SolutionConfigurationPlatforms) = preSolution
		Debug|Any CPU = Debug|Any CPU
		Release|Any CPU = Release|Any CPU
	EndGlobalSection
	GlobalSection(ProjectConfigurationPlatforms) = postSolution
		{1F79CF86-CCA2-409C-8D26-5F270EFCB8E7}.Debug|Any CPU.ActiveCfg = Debug|Any CPU
		{1F79CF86-CCA2-409C-8D26-5F270EFCB8E7}.Debug|Any CPU.Build.0 = Debug|Any CPU
		{1F79CF86-CCA2-409C-8D26-5F270EFCB8E7}.Release|Any CPU.ActiveCfg = Release|Any CPU
		{1F79CF86-CCA2-409C-8D26-5F270EFCB8E7}.Release|Any CPU.Build.0 = Release|Any CPU
	EndGlobalSection
	GlobalSection(SolutionProperties) = preSolution
		HideSolutionNode = FALSE
	EndGlobalSection
	GlobalSection(ExtensibilityGlobals) = postSolution
		SolutionGuid = {A47A16C5-1464-46A8-B8FD-5CC7E960B958}
	EndGlobalSection
EndGlobal
